
Microsoft Visual Studio Solution File, Format Version 12.00
# Visual Studio Version 16
VisualStudioVersion = 16.0.29926.136
MinimumVisualStudioVersion = 10.0.40219.1
Project("{FAE04EC0-301F-11D3-BF4B-00C04F79EFBC}") = "Crude", "Crude\Crude.csproj", "{DFD8CE09-5F29-4601-AA22-718C9FE10AC4}"
EndProject
Global
	GlobalSection(SolutionConfigurationPlatforms) = preSolution
		Debug|Any CPU = Debug|Any CPU
		Release|Any CPU = Release|Any CPU
	EndGlobalSection
	GlobalSection(ProjectConfigurationPlatforms) = postSolution
		{DFD8CE09-5F29-4601-AA22-718C9FE10AC4}.Debug|Any CPU.ActiveCfg = Debug|Any CPU
		{DFD8CE09-5F29-4601-AA22-718C9FE10AC4}.Debug|Any CPU.Build.0 = Debug|Any CPU
		{DFD8CE09-5F29-4601-AA22-718C9FE10AC4}.Release|Any CPU.ActiveCfg = Release|Any CPU
		{DFD8CE09-5F29-4601-AA22-718C9FE10AC4}.Release|Any CPU.Build.0 = Release|Any CPU
	EndGlobalSection
	GlobalSection(SolutionProperties) = preSolution
		HideSolutionNode = FALSE
	EndGlobalSection
	GlobalSection(ExtensibilityGlobals) = postSolution
		SolutionGuid = {EC19006C-7C72-44D7-A92D-B9C3C7A1DB6F}
	EndGlobalSection
EndGlobal
